
Microsoft Visual Studio Solution File, Format Version 12.00
# Visual Studio 15
VisualStudioVersion = 15.0.28307.1000
MinimumVisualStudioVersion = 10.0.40219.1
Project("{8BC9CEB8-8B4A-11D0-8D11-00A0C91BC942}") = "05", "05\05.vcxproj", "{0EB7F4A7-FF27-4C49-A814-DD19C3618BE2}"
EndProject
Global
	GlobalSection(SolutionConfigurationPlatforms) = preSolution
		Debug|x64 = Debug|x64
		Debug|x86 = Debug|x86
		Release|x64 = Release|x64
		Release|x86 = Release|x86
	EndGlobalSection
	GlobalSection(ProjectConfigurationPlatforms) = postSolution
		{0EB7F4A7-FF27-4C49-A814-DD19C3618BE2}.Debug|x64.ActiveCfg = Debug|x64
		{0EB7F4A7-FF27-4C49-A814-DD19C3618BE2}.Debug|x64.Build.0 = Debug|x64
		{0EB7F4A7-FF27-4C49-A814-DD19C3618BE2}.Debug|x86.ActiveCfg = Debug|Win32
		{0EB7F4A7-FF27-4C49-A814-DD19C3618BE2}.Debug|x86.Build.0 = Debug|Win32
		{0EB7F4A7-FF27-4C49-A814-DD19C3618BE2}.Release|x64.ActiveCfg = Release|x64
		{0EB7F4A7-FF27-4C49-A814-DD19C3618BE2}.Release|x64.Build.0 = Release|x64
		{0EB7F4A7-FF27-4C49-A814-DD19C3618BE2}.Release|x86.ActiveCfg = Release|Win32
		{0EB7F4A7-FF27-4C49-A814-DD19C3618BE2}.Release|x86.Build.0 = Release|Win32
	EndGlobalSection
	GlobalSection(SolutionProperties) = preSolution
		HideSolutionNode = FALSE
	EndGlobalSection
	GlobalSection(ExtensibilityGlobals) = postSolution
		SolutionGuid = {BE2D8341-C43C-4F34-8284-C268D251F49F}
	EndGlobalSection
EndGlobal
