
Microsoft Visual Studio Solution File, Format Version 12.00
# Visual Studio 15
VisualStudioVersion = 15.0.28307.1321
MinimumVisualStudioVersion = 10.0.40219.1
Project("{8BC9CEB8-8B4A-11D0-8D11-00A0C91BC942}") = "35", "35\35.vcxproj", "{45B7B445-C03F-4E07-A915-B4862A2E5F1E}"
EndProject
Global
	GlobalSection(SolutionConfigurationPlatforms) = preSolution
		Debug|x64 = Debug|x64
		Debug|x86 = Debug|x86
		Release|x64 = Release|x64
		Release|x86 = Release|x86
	EndGlobalSection
	GlobalSection(ProjectConfigurationPlatforms) = postSolution
		{45B7B445-C03F-4E07-A915-B4862A2E5F1E}.Debug|x64.ActiveCfg = Debug|x64
		{45B7B445-C03F-4E07-A915-B4862A2E5F1E}.Debug|x64.Build.0 = Debug|x64
		{45B7B445-C03F-4E07-A915-B4862A2E5F1E}.Debug|x86.ActiveCfg = Debug|Win32
		{45B7B445-C03F-4E07-A915-B4862A2E5F1E}.Debug|x86.Build.0 = Debug|Win32
		{45B7B445-C03F-4E07-A915-B4862A2E5F1E}.Release|x64.ActiveCfg = Release|x64
		{45B7B445-C03F-4E07-A915-B4862A2E5F1E}.Release|x64.Build.0 = Release|x64
		{45B7B445-C03F-4E07-A915-B4862A2E5F1E}.Release|x86.ActiveCfg = Release|Win32
		{45B7B445-C03F-4E07-A915-B4862A2E5F1E}.Release|x86.Build.0 = Release|Win32
	EndGlobalSection
	GlobalSection(SolutionProperties) = preSolution
		HideSolutionNode = FALSE
	EndGlobalSection
	GlobalSection(ExtensibilityGlobals) = postSolution
		SolutionGuid = {DAE76FDC-E83D-4EC8-AA3C-BDF4E54E0468}
	EndGlobalSection
EndGlobal
