
Microsoft Visual Studio Solution File, Format Version 12.00
# Visual Studio 15
VisualStudioVersion = 15.0.28307.1000
MinimumVisualStudioVersion = 10.0.40219.1
Project("{8BC9CEB8-8B4A-11D0-8D11-00A0C91BC942}") = "25", "25\25.vcxproj", "{DBD3D02E-2A7C-4750-B6BD-37E48EF77F92}"
EndProject
Global
	GlobalSection(SolutionConfigurationPlatforms) = preSolution
		Debug|x64 = Debug|x64
		Debug|x86 = Debug|x86
		Release|x64 = Release|x64
		Release|x86 = Release|x86
	EndGlobalSection
	GlobalSection(ProjectConfigurationPlatforms) = postSolution
		{DBD3D02E-2A7C-4750-B6BD-37E48EF77F92}.Debug|x64.ActiveCfg = Debug|x64
		{DBD3D02E-2A7C-4750-B6BD-37E48EF77F92}.Debug|x64.Build.0 = Debug|x64
		{DBD3D02E-2A7C-4750-B6BD-37E48EF77F92}.Debug|x86.ActiveCfg = Debug|Win32
		{DBD3D02E-2A7C-4750-B6BD-37E48EF77F92}.Debug|x86.Build.0 = Debug|Win32
		{DBD3D02E-2A7C-4750-B6BD-37E48EF77F92}.Release|x64.ActiveCfg = Release|x64
		{DBD3D02E-2A7C-4750-B6BD-37E48EF77F92}.Release|x64.Build.0 = Release|x64
		{DBD3D02E-2A7C-4750-B6BD-37E48EF77F92}.Release|x86.ActiveCfg = Release|Win32
		{DBD3D02E-2A7C-4750-B6BD-37E48EF77F92}.Release|x86.Build.0 = Release|Win32
	EndGlobalSection
	GlobalSection(SolutionProperties) = preSolution
		HideSolutionNode = FALSE
	EndGlobalSection
	GlobalSection(ExtensibilityGlobals) = postSolution
		SolutionGuid = {378A2A9E-5136-45ED-A57D-99715A714DAD}
	EndGlobalSection
EndGlobal
